// !$*UTF8*$!
{
	archiveVersion = 1;
	classes = {
	};
	objectVersion = 46;
	objects = {

/* Begin PBXBuildFile section */
		2C5816E81D297862000E875A /* slkscr-webfont.eot in Resources */ = {isa = PBXBuildFile; fileRef = 2C5816E21D297862000E875A /* slkscr-webfont.eot */; };
		2C5816E91D297862000E875A /* slkscr-webfont.woff in Resources */ = {isa = PBXBuildFile; fileRef = 2C5816E31D297862000E875A /* slkscr-webfont.woff */; };
		2C5816F61D29791B000E875A /* FishBullet.wav in Resources */ = {isa = PBXBuildFile; fileRef = 2C5816F21D29791B000E875A /* FishBullet.wav */; };
		2C5816F71D29791B000E875A /* FishHit.wav in Resources */ = {isa = PBXBuildFile; fileRef = 2C5816F31D29791B000E875A /* FishHit.wav */; };
		2C5816F81D29791B000E875A /* SubmarineBullet.wav in Resources */ = {isa = PBXBuildFile; fileRef = 2C5816F41D29791B000E875A /* SubmarineBullet.wav */; };
		2C5816F91D29791B000E875A /* SubmarineHit.wav in Resources */ = {isa = PBXBuildFile; fileRef = 2C5816F51D29791B000E875A /* SubmarineHit.wav */; };
		2C6BF3341D04C2AE001B2BCB /* AppDelegate.swift in Sources */ = {isa = PBXBuildFile; fileRef = 2C6BF3331D04C2AE001B2BCB /* AppDelegate.swift */; };
		2C6BF3361D04C2AE001B2BCB /* GameScene.sks in Resources */ = {isa = PBXBuildFile; fileRef = 2C6BF3351D04C2AE001B2BCB /* GameScene.sks */; };
		2C6BF3381D04C2AE001B2BCB /* GameScene.swift in Sources */ = {isa = PBXBuildFile; fileRef = 2C6BF3371D04C2AE001B2BCB /* GameScene.swift */; };
		2C6BF33A1D04C2AE001B2BCB /* GameViewController.swift in Sources */ = {isa = PBXBuildFile; fileRef = 2C6BF3391D04C2AE001B2BCB /* GameViewController.swift */; };
		2C6BF33D1D04C2AE001B2BCB /* Main.storyboard in Resources */ = {isa = PBXBuildFile; fileRef = 2C6BF33B1D04C2AE001B2BCB /* Main.storyboard */; };
		2C6BF33F1D04C2AE001B2BCB /* Assets.xcassets in Resources */ = {isa = PBXBuildFile; fileRef = 2C6BF33E1D04C2AE001B2BCB /* Assets.xcassets */; };
		2C6BF3421D04C2AE001B2BCB /* LaunchScreen.storyboard in Resources */ = {isa = PBXBuildFile; fileRef = 2C6BF3401D04C2AE001B2BCB /* LaunchScreen.storyboard */; };
		2C6BF34D1D04C2AF001B2BCB /* deep_searchTests.swift in Sources */ = {isa = PBXBuildFile; fileRef = 2C6BF34C1D04C2AF001B2BCB /* deep_searchTests.swift */; };
		2C6BF3581D04C2AF001B2BCB /* deep_searchUITests.swift in Sources */ = {isa = PBXBuildFile; fileRef = 2C6BF3571D04C2AF001B2BCB /* deep_searchUITests.swift */; };
/* End PBXBuildFile section */

/* Begin PBXContainerItemProxy section */
		2C6BF3491D04C2AF001B2BCB /* PBXContainerItemProxy */ = {
			isa = PBXContainerItemProxy;
			containerPortal = 2C6BF3281D04C2AE001B2BCB /* Project object */;
			proxyType = 1;
			remoteGlobalIDString = 2C6BF32F1D04C2AE001B2BCB;
			remoteInfo = "deep-search";
		};
		2C6BF3541D04C2AF001B2BCB /* PBXContainerItemProxy */ = {
			isa = PBXContainerItemProxy;
			containerPortal = 2C6BF3281D04C2AE001B2BCB /* Project object */;
			proxyType = 1;
			remoteGlobalIDString = 2C6BF32F1D04C2AE001B2BCB;
			remoteInfo = "deep-search";
		};
/* End PBXContainerItemProxy section */

/* Begin PBXFileReference section */
		2C5816E21D297862000E875A /* slkscr-webfont.eot */ = {isa = PBXFileReference; lastKnownFileType = file; name = "slkscr-webfont.eot"; path = "Assets.xcassets/Misc/slkscr-webfont.eot"; sourceTree = "<group>"; };
		2C5816E31D297862000E875A /* slkscr-webfont.woff */ = {isa = PBXFileReference; lastKnownFileType = file; name = "slkscr-webfont.woff"; path = "Assets.xcassets/Misc/slkscr-webfont.woff"; sourceTree = "<group>"; };
		2C5816F21D29791B000E875A /* FishBullet.wav */ = {isa = PBXFileReference; lastKnownFileType = audio.wav; name = FishBullet.wav; path = Assets.xcassets/Misc/FishBullet.wav; sourceTree = "<group>"; };
		2C5816F31D29791B000E875A /* FishHit.wav */ = {isa = PBXFileReference; lastKnownFileType = audio.wav; name = FishHit.wav; path = Assets.xcassets/Misc/FishHit.wav; sourceTree = "<group>"; };
		2C5816F41D29791B000E875A /* SubmarineBullet.wav */ = {isa = PBXFileReference; lastKnownFileType = audio.wav; name = SubmarineBullet.wav; path = Assets.xcassets/Misc/SubmarineBullet.wav; sourceTree = "<group>"; };
		2C5816F51D29791B000E875A /* SubmarineHit.wav */ = {isa = PBXFileReference; lastKnownFileType = audio.wav; name = SubmarineHit.wav; path = Assets.xcassets/Misc/SubmarineHit.wav; sourceTree = "<group>"; };
		2C6BF3301D04C2AE001B2BCB /* deep-search.app */ = {isa = PBXFileReference; explicitFileType = wrapper.application; includeInIndex = 0; path = "deep-search.app"; sourceTree = BUILT_PRODUCTS_DIR; };
		2C6BF3331D04C2AE001B2BCB /* AppDelegate.swift */ = {isa = PBXFileReference; lastKnownFileType = sourcecode.swift; path = AppDelegate.swift; sourceTree = "<group>"; };
		2C6BF3351D04C2AE001B2BCB /* GameScene.sks */ = {isa = PBXFileReference; lastKnownFileType = file.sks; path = GameScene.sks; sourceTree = "<group>"; };
		2C6BF3371D04C2AE001B2BCB /* GameScene.swift */ = {isa = PBXFileReference; lastKnownFileType = sourcecode.swift; path = GameScene.swift; sourceTree = "<group>"; };
		2C6BF3391D04C2AE001B2BCB /* GameViewController.swift */ = {isa = PBXFileReference; lastKnownFileType = sourcecode.swift; path = GameViewController.swift; sourceTree = "<group>"; };
		2C6BF33C1D04C2AE001B2BCB /* Base */ = {isa = PBXFileReference; lastKnownFileType = file.storyboard; name = Base; path = Base.lproj/Main.storyboard; sourceTree = "<group>"; };
		2C6BF33E1D04C2AE001B2BCB /* Assets.xcassets */ = {isa = PBXFileReference; lastKnownFileType = folder.assetcatalog; path = Assets.xcassets; sourceTree = "<group>"; };
		2C6BF3411D04C2AE001B2BCB /* Base */ = {isa = PBXFileReference; lastKnownFileType = file.storyboard; name = Base; path = Base.lproj/LaunchScreen.storyboard; sourceTree = "<group>"; };
		2C6BF3431D04C2AE001B2BCB /* Info.plist */ = {isa = PBXFileReference; lastKnownFileType = text.plist.xml; path = Info.plist; sourceTree = "<group>"; };
		2C6BF3481D04C2AF001B2BCB /* deep-searchTests.xctest */ = {isa = PBXFileReference; explicitFileType = wrapper.cfbundle; includeInIndex = 0; path = "deep-searchTests.xctest"; sourceTree = BUILT_PRODUCTS_DIR; };
		2C6BF34C1D04C2AF001B2BCB /* deep_searchTests.swift */ = {isa = PBXFileReference; lastKnownFileType = sourcecode.swift; path = deep_searchTests.swift; sourceTree = "<group>"; };
		2C6BF34E1D04C2AF001B2BCB /* Info.plist */ = {isa = PBXFileReference; lastKnownFileType = text.plist.xml; path = Info.plist; sourceTree = "<group>"; };
		2C6BF3531D04C2AF001B2BCB /* deep-searchUITests.xctest */ = {isa = PBXFileReference; explicitFileType = wrapper.cfbundle; includeInIndex = 0; path = "deep-searchUITests.xctest"; sourceTree = BUILT_PRODUCTS_DIR; };
		2C6BF3571D04C2AF001B2BCB /* deep_searchUITests.swift */ = {isa = PBXFileReference; lastKnownFileType = sourcecode.swift; path = deep_searchUITests.swift; sourceTree = "<group>"; };
		2C6BF3591D04C2AF001B2BCB /* Info.plist */ = {isa = PBXFileReference; lastKnownFileType = text.plist.xml; path = Info.plist; sourceTree = "<group>"; };
/* End PBXFileReference section */

/* Begin PBXFrameworksBuildPhase section */
		2C6BF32D1D04C2AE001B2BCB /* Frameworks */ = {
			isa = PBXFrameworksBuildPhase;
			buildActionMask = 2147483647;
			files = (
			);
			runOnlyForDeploymentPostprocessing = 0;
		};
		2C6BF3451D04C2AF001B2BCB /* Frameworks */ = {
			isa = PBXFrameworksBuildPhase;
			buildActionMask = 2147483647;
			files = (
			);
			runOnlyForDeploymentPostprocessing = 0;
		};
		2C6BF3501D04C2AF001B2BCB /* Frameworks */ = {
			isa = PBXFrameworksBuildPhase;
			buildActionMask = 2147483647;
			files = (
			);
			runOnlyForDeploymentPostprocessing = 0;
		};
/* End PBXFrameworksBuildPhase section */

/* Begin PBXGroup section */
		2C5816DD1D29784A000E875A /* Misc */ = {
			isa = PBXGroup;
			children = (
				2C5816F21D29791B000E875A /* FishBullet.wav */,
				2C5816F31D29791B000E875A /* FishHit.wav */,
				2C5816F41D29791B000E875A /* SubmarineBullet.wav */,
				2C5816F51D29791B000E875A /* SubmarineHit.wav */,
				2C5816E21D297862000E875A /* slkscr-webfont.eot */,
				2C5816E31D297862000E875A /* slkscr-webfont.woff */,
			);
			name = Misc;
			sourceTree = "<group>";
		};
		2C6BF3271D04C2AE001B2BCB = {
			isa = PBXGroup;
			children = (
				2C6BF3321D04C2AE001B2BCB /* deep-search */,
				2C6BF34B1D04C2AF001B2BCB /* deep-searchTests */,
				2C6BF3561D04C2AF001B2BCB /* deep-searchUITests */,
				2C6BF3311D04C2AE001B2BCB /* Products */,
			);
			sourceTree = "<group>";
		};
		2C6BF3311D04C2AE001B2BCB /* Products */ = {
			isa = PBXGroup;
			children = (
				2C6BF3301D04C2AE001B2BCB /* deep-search.app */,
				2C6BF3481D04C2AF001B2BCB /* deep-searchTests.xctest */,
				2C6BF3531D04C2AF001B2BCB /* deep-searchUITests.xctest */,
			);
			name = Products;
			sourceTree = "<group>";
		};
		2C6BF3321D04C2AE001B2BCB /* deep-search */ = {
			isa = PBXGroup;
			children = (
				2C5816DD1D29784A000E875A /* Misc */,
				2C6BF3331D04C2AE001B2BCB /* AppDelegate.swift */,
				2C6BF3351D04C2AE001B2BCB /* GameScene.sks */,
				2C6BF3371D04C2AE001B2BCB /* GameScene.swift */,
				2C6BF3391D04C2AE001B2BCB /* GameViewController.swift */,
				2C6BF33B1D04C2AE001B2BCB /* Main.storyboard */,
				2C6BF33E1D04C2AE001B2BCB /* Assets.xcassets */,
				2C6BF3401D04C2AE001B2BCB /* LaunchScreen.storyboard */,
				2C6BF3431D04C2AE001B2BCB /* Info.plist */,
			);
			path = "deep-search";
			sourceTree = "<group>";
		};
		2C6BF34B1D04C2AF001B2BCB /* deep-searchTests */ = {
			isa = PBXGroup;
			children = (
				2C6BF34C1D04C2AF001B2BCB /* deep_searchTests.swift */,
				2C6BF34E1D04C2AF001B2BCB /* Info.plist */,
			);
			path = "deep-searchTests";
			sourceTree = "<group>";
		};
		2C6BF3561D04C2AF001B2BCB /* deep-searchUITests */ = {
			isa = PBXGroup;
			children = (
				2C6BF3571D04C2AF001B2BCB /* deep_searchUITests.swift */,
				2C6BF3591D04C2AF001B2BCB /* Info.plist */,
			);
			path = "deep-searchUITests";
			sourceTree = "<group>";
		};
/* End PBXGroup section */

/* Begin PBXNativeTarget section */
		2C6BF32F1D04C2AE001B2BCB /* deep-search */ = {
			isa = PBXNativeTarget;
			buildConfigurationList = 2C6BF35C1D04C2AF001B2BCB /* Build configuration list for PBXNativeTarget "deep-search" */;
			buildPhases = (
				2C6BF32C1D04C2AE001B2BCB /* Sources */,
				2C6BF32D1D04C2AE001B2BCB /* Frameworks */,
				2C6BF32E1D04C2AE001B2BCB /* Resources */,
			);
			buildRules = (
			);
			dependencies = (
			);
			name = "deep-search";
			productName = "deep-search";
			productReference = 2C6BF3301D04C2AE001B2BCB /* deep-search.app */;
			productType = "com.apple.product-type.application";
		};
		2C6BF3471D04C2AF001B2BCB /* deep-searchTests */ = {
			isa = PBXNativeTarget;
			buildConfigurationList = 2C6BF35F1D04C2AF001B2BCB /* Build configuration list for PBXNativeTarget "deep-searchTests" */;
			buildPhases = (
				2C6BF3441D04C2AF001B2BCB /* Sources */,
				2C6BF3451D04C2AF001B2BCB /* Frameworks */,
				2C6BF3461D04C2AF001B2BCB /* Resources */,
			);
			buildRules = (
			);
			dependencies = (
				2C6BF34A1D04C2AF001B2BCB /* PBXTargetDependency */,
			);
			name = "deep-searchTests";
			productName = "deep-searchTests";
			productReference = 2C6BF3481D04C2AF001B2BCB /* deep-searchTests.xctest */;
			productType = "com.apple.product-type.bundle.unit-test";
		};
		2C6BF3521D04C2AF001B2BCB /* deep-searchUITests */ = {
			isa = PBXNativeTarget;
			buildConfigurationList = 2C6BF3621D04C2AF001B2BCB /* Build configuration list for PBXNativeTarget "deep-searchUITests" */;
			buildPhases = (
				2C6BF34F1D04C2AF001B2BCB /* Sources */,
				2C6BF3501D04C2AF001B2BCB /* Frameworks */,
				2C6BF3511D04C2AF001B2BCB /* Resources */,
			);
			buildRules = (
			);
			dependencies = (
				2C6BF3551D04C2AF001B2BCB /* PBXTargetDependency */,
			);
			name = "deep-searchUITests";
			productName = "deep-searchUITests";
			productReference = 2C6BF3531D04C2AF001B2BCB /* deep-searchUITests.xctest */;
			productType = "com.apple.product-type.bundle.ui-testing";
		};
/* End PBXNativeTarget section */

/* Begin PBXProject section */
		2C6BF3281D04C2AE001B2BCB /* Project object */ = {
			isa = PBXProject;
			attributes = {
				LastSwiftUpdateCheck = 0730;
				LastUpgradeCheck = 0730;
				ORGANIZATIONNAME = "Jack Pardungsin";
				TargetAttributes = {
					2C6BF32F1D04C2AE001B2BCB = {
						CreatedOnToolsVersion = 7.3.1;
						DevelopmentTeam = 9YW48Y7454;
					};
					2C6BF3471D04C2AF001B2BCB = {
						CreatedOnToolsVersion = 7.3.1;
						TestTargetID = 2C6BF32F1D04C2AE001B2BCB;
					};
					2C6BF3521D04C2AF001B2BCB = {
						CreatedOnToolsVersion = 7.3.1;
						TestTargetID = 2C6BF32F1D04C2AE001B2BCB;
					};
				};
			};
			buildConfigurationList = 2C6BF32B1D04C2AE001B2BCB /* Build configuration list for PBXProject "deep-search" */;
			compatibilityVersion = "Xcode 3.2";
			developmentRegion = English;
			hasScannedForEncodings = 0;
			knownRegions = (
				en,
				Base,
			);
			mainGroup = 2C6BF3271D04C2AE001B2BCB;
			productRefGroup = 2C6BF3311D04C2AE001B2BCB /* Products */;
			projectDirPath = "";
			projectRoot = "";
			targets = (
				2C6BF32F1D04C2AE001B2BCB /* deep-search */,
				2C6BF3471D04C2AF001B2BCB /* deep-searchTests */,
				2C6BF3521D04C2AF001B2BCB /* deep-searchUITests */,
			);
		};
/* End PBXProject section */

/* Begin PBXResourcesBuildPhase section */
		2C6BF32E1D04C2AE001B2BCB /* Resources */ = {
			isa = PBXResourcesBuildPhase;
			buildActionMask = 2147483647;
			files = (
				2C5816E91D297862000E875A /* slkscr-webfont.woff in Resources */,
				2C5816F91D29791B000E875A /* SubmarineHit.wav in Resources */,
				2C6BF3361D04C2AE001B2BCB /* GameScene.sks in Resources */,
				2C5816E81D297862000E875A /* slkscr-webfont.eot in Resources */,
				2C6BF3421D04C2AE001B2BCB /* LaunchScreen.storyboard in Resources */,
				2C6BF33F1D04C2AE001B2BCB /* Assets.xcassets in Resources */,
				2C6BF33D1D04C2AE001B2BCB /* Main.storyboard in Resources */,
				2C5816F81D29791B000E875A /* SubmarineBullet.wav in Resources */,
				2C5816F71D29791B000E875A /* FishHit.wav in Resources */,
				2C5816F61D29791B000E875A /* FishBullet.wav in Resources */,
			);
			runOnlyForDeploymentPostprocessing = 0;
		};
		2C6BF3461D04C2AF001B2BCB /* Resources */ = {
			isa = PBXResourcesBuildPhase;
			buildActionMask = 2147483647;
			files = (
			);
			runOnlyForDeploymentPostprocessing = 0;
		};
		2C6BF3511D04C2AF001B2BCB /* Resources */ = {
			isa = PBXResourcesBuildPhase;
			buildActionMask = 2147483647;
			files = (
			);
			runOnlyForDeploymentPostprocessing = 0;
		};
/* End PBXResourcesBuildPhase section */

/* Begin PBXSourcesBuildPhase section */
		2C6BF32C1D04C2AE001B2BCB /* Sources */ = {
			isa = PBXSourcesBuildPhase;
			buildActionMask = 2147483647;
			files = (
				2C6BF3381D04C2AE001B2BCB /* GameScene.swift in Sources */,
				2C6BF33A1D04C2AE001B2BCB /* GameViewController.swift in Sources */,
				2C6BF3341D04C2AE001B2BCB /* AppDelegate.swift in Sources */,
			);
			runOnlyForDeploymentPostprocessing = 0;
		};
		2C6BF3441D04C2AF001B2BCB /* Sources */ = {
			isa = PBXSourcesBuildPhase;
			buildActionMask = 2147483647;
			files = (
				2C6BF34D1D04C2AF001B2BCB /* deep_searchTests.swift in Sources */,
			);
			runOnlyForDeploymentPostprocessing = 0;
		};
		2C6BF34F1D04C2AF001B2BCB /* Sources */ = {
			isa = PBXSourcesBuildPhase;
			buildActionMask = 2147483647;
			files = (
				2C6BF3581D04C2AF001B2BCB /* deep_searchUITests.swift in Sources */,
			);
			runOnlyForDeploymentPostprocessing = 0;
		};
/* End PBXSourcesBuildPhase section */

/* Begin PBXTargetDependency section */
		2C6BF34A1D04C2AF001B2BCB /* PBXTargetDependency */ = {
			isa = PBXTargetDependency;
			target = 2C6BF32F1D04C2AE001B2BCB /* deep-search */;
			targetProxy = 2C6BF3491D04C2AF001B2BCB /* PBXContainerItemProxy */;
		};
		2C6BF3551D04C2AF001B2BCB /* PBXTargetDependency */ = {
			isa = PBXTargetDependency;
			target = 2C6BF32F1D04C2AE001B2BCB /* deep-search */;
			targetProxy = 2C6BF3541D04C2AF001B2BCB /* PBXContainerItemProxy */;
		};
/* End PBXTargetDependency section */

/* Begin PBXVariantGroup section */
		2C6BF33B1D04C2AE001B2BCB /* Main.storyboard */ = {
			isa = PBXVariantGroup;
			children = (
				2C6BF33C1D04C2AE001B2BCB /* Base */,
			);
			name = Main.storyboard;
			sourceTree = "<group>";
		};
		2C6BF3401D04C2AE001B2BCB /* LaunchScreen.storyboard */ = {
			isa = PBXVariantGroup;
			children = (
				2C6BF3411D04C2AE001B2BCB /* Base */,
			);
			name = LaunchScreen.storyboard;
			sourceTree = "<group>";
		};
/* End PBXVariantGroup section */

/* Begin XCBuildConfiguration section */
		2C6BF35A1D04C2AF001B2BCB /* Debug */ = {
			isa = XCBuildConfiguration;
			buildSettings = {
				ALWAYS_SEARCH_USER_PATHS = NO;
				CLANG_ANALYZER_NONNULL = YES;
				CLANG_CXX_LANGUAGE_STANDARD = "gnu++0x";
				CLANG_CXX_LIBRARY = "libc++";
				CLANG_ENABLE_MODULES = YES;
				CLANG_ENABLE_OBJC_ARC = YES;
				CLANG_WARN_BOOL_CONVERSION = YES;
				CLANG_WARN_CONSTANT_CONVERSION = YES;
				CLANG_WARN_DIRECT_OBJC_ISA_USAGE = YES_ERROR;
				CLANG_WARN_EMPTY_BODY = YES;
				CLANG_WARN_ENUM_CONVERSION = YES;
				CLANG_WARN_INT_CONVERSION = YES;
				CLANG_WARN_OBJC_ROOT_CLASS = YES_ERROR;
				CLANG_WARN_UNREACHABLE_CODE = YES;
				CLANG_WARN__DUPLICATE_METHOD_MATCH = YES;
				"CODE_SIGN_IDENTITY[sdk=iphoneos*]" = "iPhone Developer";
				COPY_PHASE_STRIP = NO;
				DEBUG_INFORMATION_FORMAT = "dwarf-with-dsym";
				ENABLE_STRICT_OBJC_MSGSEND = YES;
				ENABLE_TESTABILITY = YES;
				GCC_C_LANGUAGE_STANDARD = gnu99;
				GCC_DYNAMIC_NO_PIC = NO;
				GCC_NO_COMMON_BLOCKS = YES;
				GCC_OPTIMIZATION_LEVEL = 0;
				GCC_PREPROCESSOR_DEFINITIONS = (
					"DEBUG=1",
					"$(inherited)",
				);
				GCC_WARN_64_TO_32_BIT_CONVERSION = YES;
				GCC_WARN_ABOUT_RETURN_TYPE = YES_ERROR;
				GCC_WARN_UNDECLARED_SELECTOR = YES;
				GCC_WARN_UNINITIALIZED_AUTOS = YES_AGGRESSIVE;
				GCC_WARN_UNUSED_FUNCTION = YES;
				GCC_WARN_UNUSED_VARIABLE = YES;
				IPHONEOS_DEPLOYMENT_TARGET = 9.3;
				MTL_ENABLE_DEBUG_INFO = YES;
				ONLY_ACTIVE_ARCH = YES;
				SDKROOT = iphoneos;
				SWIFT_OPTIMIZATION_LEVEL = "-Onone";
			};
			name = Debug;
		};
		2C6BF35B1D04C2AF001B2BCB /* Release */ = {
			isa = XCBuildConfiguration;
			buildSettings = {
				ALWAYS_SEARCH_USER_PATHS = NO;
				CLANG_ANALYZER_NONNULL = YES;
				CLANG_CXX_LANGUAGE_STANDARD = "gnu++0x";
				CLANG_CXX_LIBRARY = "libc++";
				CLANG_ENABLE_MODULES = YES;
				CLANG_ENABLE_OBJC_ARC = YES;
				CLANG_WARN_BOOL_CONVERSION = YES;
				CLANG_WARN_CONSTANT_CONVERSION = YES;
				CLANG_WARN_DIRECT_OBJC_ISA_USAGE = YES_ERROR;
				CLANG_WARN_EMPTY_BODY = YES;
				CLANG_WARN_ENUM_CONVERSION = YES;
				CLANG_WARN_INT_CONVERSION = YES;
				CLANG_WARN_OBJC_ROOT_CLASS = YES_ERROR;
				CLANG_WARN_UNREACHABLE_CODE = YES;
				CLANG_WARN__DUPLICATE_METHOD_MATCH = YES;
				"CODE_SIGN_IDENTITY[sdk=iphoneos*]" = "iPhone Developer";
				COPY_PHASE_STRIP = NO;
				DEBUG_INFORMATION_FORMAT = "dwarf-with-dsym";
				ENABLE_NS_ASSERTIONS = NO;
				ENABLE_STRICT_OBJC_MSGSEND = YES;
				GCC_C_LANGUAGE_STANDARD = gnu99;
				GCC_NO_COMMON_BLOCKS = YES;
				GCC_WARN_64_TO_32_BIT_CONVERSION = YES;
				GCC_WARN_ABOUT_RETURN_TYPE = YES_ERROR;
				GCC_WARN_UNDECLARED_SELECTOR = YES;
				GCC_WARN_UNINITIALIZED_AUTOS = YES_AGGRESSIVE;
				GCC_WARN_UNUSED_FUNCTION = YES;
				GCC_WARN_UNUSED_VARIABLE = YES;
				IPHONEOS_DEPLOYMENT_TARGET = 9.3;
				MTL_ENABLE_DEBUG_INFO = NO;
				SDKROOT = iphoneos;
				VALIDATE_PRODUCT = YES;
			};
			name = Release;
		};
		2C6BF35D1D04C2AF001B2BCB /* Debug */ = {
			isa = XCBuildConfiguration;
			buildSettings = {
				ASSETCATALOG_COMPILER_APPICON_NAME = AppIcon;
				CODE_SIGN_IDENTITY = "iPhone Developer";
				INFOPLIST_FILE = "deep-search/Info.plist";
				LD_RUNPATH_SEARCH_PATHS = "$(inherited) @executable_path/Frameworks";
				PRODUCT_BUNDLE_IDENTIFIER = "wjpdesigner.deep-search";
				PRODUCT_NAME = "$(TARGET_NAME)";
			};
			name = Debug;
		};
		2C6BF35E1D04C2AF001B2BCB /* Release */ = {
			isa = XCBuildConfiguration;
			buildSettings = {
				ASSETCATALOG_COMPILER_APPICON_NAME = AppIcon;
				CODE_SIGN_IDENTITY = "iPhone Developer";
				INFOPLIST_FILE = "deep-search/Info.plist";
				LD_RUNPATH_SEARCH_PATHS = "$(inherited) @executable_path/Frameworks";
				PRODUCT_BUNDLE_IDENTIFIER = "wjpdesigner.deep-search";
				PRODUCT_NAME = "$(TARGET_NAME)";
			};
			name = Release;
		};
		2C6BF3601D04C2AF001B2BCB /* Debug */ = {
			isa = XCBuildConfiguration;
			buildSettings = {
				BUNDLE_LOADER = "$(TEST_HOST)";
				DEBUG_INFORMATION_FORMAT = dwarf;
				INFOPLIST_FILE = "deep-searchTests/Info.plist";
				LD_RUNPATH_SEARCH_PATHS = "$(inherited) @executable_path/Frameworks @loader_path/Frameworks";
				PRODUCT_BUNDLE_IDENTIFIER = "wjpdesigner.deep-searchTests";
				PRODUCT_NAME = "$(TARGET_NAME)";
				TEST_HOST = "$(BUILT_PRODUCTS_DIR)/deep-search.app/deep-search";
			};
			name = Debug;
		};
		2C6BF3611D04C2AF001B2BCB /* Release */ = {
			isa = XCBuildConfiguration;
			buildSettings = {
				BUNDLE_LOADER = "$(TEST_HOST)";
				INFOPLIST_FILE = "deep-searchTests/Info.plist";
				LD_RUNPATH_SEARCH_PATHS = "$(inherited) @executable_path/Frameworks @loader_path/Frameworks";
				PRODUCT_BUNDLE_IDENTIFIER = "wjpdesigner.deep-searchTests";
				PRODUCT_NAME = "$(TARGET_NAME)";
				TEST_HOST = "$(BUILT_PRODUCTS_DIR)/deep-search.app/deep-search";
			};
			name = Release;
		};
		2C6BF3631D04C2AF001B2BCB /* Debug */ = {
			isa = XCBuildConfiguration;
			buildSettings = {
				DEBUG_INFORMATION_FORMAT = dwarf;
				INFOPLIST_FILE = "deep-searchUITests/Info.plist";
				LD_RUNPATH_SEARCH_PATHS = "$(inherited) @executable_path/Frameworks @loader_path/Frameworks";
				PRODUCT_BUNDLE_IDENTIFIER = "wjpdesigner.deep-searchUITests";
				PRODUCT_NAME = "$(TARGET_NAME)";
				TEST_TARGET_NAME = "deep-search";
			};
			name = Debug;
		};
		2C6BF3641D04C2AF001B2BCB /* Release */ = {
			isa = XCBuildConfiguration;
			buildSettings = {
				INFOPLIST_FILE = "deep-searchUITests/Info.plist";
				LD_RUNPATH_SEARCH_PATHS = "$(inherited) @executable_path/Frameworks @loader_path/Frameworks";
				PRODUCT_BUNDLE_IDENTIFIER = "wjpdesigner.deep-searchUITests";
				PRODUCT_NAME = "$(TARGET_NAME)";
				TEST_TARGET_NAME = "deep-search";
			};
			name = Release;
		};
/* End XCBuildConfiguration section */

/* Begin XCConfigurationList section */
		2C6BF32B1D04C2AE001B2BCB /* Build configuration list for PBXProject "deep-search" */ = {
			isa = XCConfigurationList;
			buildConfigurations = (
				2C6BF35A1D04C2AF001B2BCB /* Debug */,
				2C6BF35B1D04C2AF001B2BCB /* Release */,
			);
			defaultConfigurationIsVisible = 0;
			defaultConfigurationName = Release;
		};
		2C6BF35C1D04C2AF001B2BCB /* Build configuration list for PBXNativeTarget "deep-search" */ = {
			isa = XCConfigurationList;
			buildConfigurations = (
				2C6BF35D1D04C2AF001B2BCB /* Debug */,
				2C6BF35E1D04C2AF001B2BCB /* Release */,
			);
			defaultConfigurationIsVisible = 0;
			defaultConfigurationName = Release;
		};
		2C6BF35F1D04C2AF001B2BCB /* Build configuration list for PBXNativeTarget "deep-searchTests" */ = {
			isa = XCConfigurationList;
			buildConfigurations = (
				2C6BF3601D04C2AF001B2BCB /* Debug */,
				2C6BF3611D04C2AF001B2BCB /* Release */,
			);
			defaultConfigurationIsVisible = 0;
			defaultConfigurationName = Release;
		};
		2C6BF3621D04C2AF001B2BCB /* Build configuration list for PBXNativeTarget "deep-searchUITests" */ = {
			isa = XCConfigurationList;
			buildConfigurations = (
				2C6BF3631D04C2AF001B2BCB /* Debug */,
				2C6BF3641D04C2AF001B2BCB /* Release */,
			);
			defaultConfigurationIsVisible = 0;
			defaultConfigurationName = Release;
		};
/* End XCConfigurationList section */
	};
	rootObject = 2C6BF3281D04C2AE001B2BCB /* Project object */;
}
